// !$*UTF8*$!
{
	archiveVersion = 1;
	classes = {
	};
	objectVersion = 45;
	objects = {

/* Begin PBXBuildFile section */
		1D3623260D0F684500981E51 /* AdiumAppDelegate.m in Sources */ = {isa = PBXBuildFile; fileRef = 1D3623250D0F684500981E51 /* AdiumAppDelegate.m */; };
		1D3623EC0D0F72F000981E51 /* CoreGraphics.framework in Frameworks */ = {isa = PBXBuildFile; fileRef = 1D3623EB0D0F72F000981E51 /* CoreGraphics.framework */; };
		1D60589B0D05DD56006BFB54 /* main.m in Sources */ = {isa = PBXBuildFile; fileRef = 29B97316FDCFA39411CA2CEA /* main.m */; };
		1D60589F0D05DD5A006BFB54 /* Foundation.framework in Frameworks */ = {isa = PBXBuildFile; fileRef = 1D30AB110D05D00D00671497 /* Foundation.framework */; };
		1DF5F4E00D08C38300B7A737 /* UIKit.framework in Frameworks */ = {isa = PBXBuildFile; fileRef = 1DF5F4DF0D08C38300B7A737 /* UIKit.framework */; };
		28AD733F0D9D9553002E5188 /* MainWindow.xib in Resources */ = {isa = PBXBuildFile; fileRef = 28AD733E0D9D9553002E5188 /* MainWindow.xib */; };
		4B0F6A890DB85C43005B3461 /* ApplicationController.m in Sources */ = {isa = PBXBuildFile; fileRef = 4B0F6A880DB85C43005B3461 /* ApplicationController.m */; };
		4B0F6A8C0DB85C54005B3461 /* ApplicationView.m in Sources */ = {isa = PBXBuildFile; fileRef = 4B0F6A8B0DB85C54005B3461 /* ApplicationView.m */; };
		4B0F6A900DB85C8B005B3461 /* ConversationController.m in Sources */ = {isa = PBXBuildFile; fileRef = 4B0F6A8F0DB85C8B005B3461 /* ConversationController.m */; };
		4B0F6A930DB85C94005B3461 /* ConversationView.m in Sources */ = {isa = PBXBuildFile; fileRef = 4B0F6A920DB85C94005B3461 /* ConversationView.m */; };
		4B517FA50DBFAF86007ED8C1 /* AccountsNavigationController.m in Sources */ = {isa = PBXBuildFile; fileRef = 4B517FA40DBFAF86007ED8C1 /* AccountsNavigationController.m */; };
		4B517FA80DBFB07C007ED8C1 /* ProfileNavigationController.m in Sources */ = {isa = PBXBuildFile; fileRef = 4B517FA70DBFB07C007ED8C1 /* ProfileNavigationController.m */; };
		4B517FB00DBFB0D2007ED8C1 /* SettingsNavigationController.m in Sources */ = {isa = PBXBuildFile; fileRef = 4B517FAF0DBFB0D2007ED8C1 /* SettingsNavigationController.m */; };
		4B6A4B2C0DBFBB6300C01F0B /* AccountsController.m in Sources */ = {isa = PBXBuildFile; fileRef = 4B6A4B2B0DBFBB6300C01F0B /* AccountsController.m */; };
		4B6A4B900DBFE82000C01F0B /* aim.png in Resources */ = {isa = PBXBuildFile; fileRef = 4B6A4B8F0DBFE82000C01F0B /* aim.png */; };
		4B6A4B9A0DBFEB2B00C01F0B /* Icon.png in Resources */ = {isa = PBXBuildFile; fileRef = 4B6A4B990DBFEB2B00C01F0B /* Icon.png */; };
		4B6A4CBE0DBFEDAF00C01F0B /* Account.m in Sources */ = {isa = PBXBuildFile; fileRef = 4B6A4CBD0DBFEDAF00C01F0B /* Account.m */; };
		4B9F2C260DBEBA90001DDBBF /* BuddyListController.m in Sources */ = {isa = PBXBuildFile; fileRef = 4B9F2C250DBEBA90001DDBBF /* BuddyListController.m */; };
		4BA691210DBF112D0035241F /* BuddyListNavigationController.m in Sources */ = {isa = PBXBuildFile; fileRef = 4BA691200DBF112D0035241F /* BuddyListNavigationController.m */; };
/* End PBXBuildFile section */

/* Begin PBXFileReference section */
		1D30AB110D05D00D00671497 /* Foundation.framework */ = {isa = PBXFileReference; lastKnownFileType = wrapper.framework; name = Foundation.framework; path = System/Library/Frameworks/Foundation.framework; sourceTree = SDKROOT; };
		1D3623240D0F684500981E51 /* AdiumAppDelegate.h */ = {isa = PBXFileReference; fileEncoding = 4; lastKnownFileType = sourcecode.c.h; path = AdiumAppDelegate.h; sourceTree = "<group>"; };
		1D3623250D0F684500981E51 /* AdiumAppDelegate.m */ = {isa = PBXFileReference; fileEncoding = 4; lastKnownFileType = sourcecode.c.objc; path = AdiumAppDelegate.m; sourceTree = "<group>"; };
		1D3623EB0D0F72F000981E51 /* CoreGraphics.framework */ = {isa = PBXFileReference; lastKnownFileType = wrapper.framework; name = CoreGraphics.framework; path = System/Library/Frameworks/CoreGraphics.framework; sourceTree = SDKROOT; };
		1D6058910D05DD3D006BFB54 /* Adium.app */ = {isa = PBXFileReference; explicitFileType = wrapper.application; includeInIndex = 0; path = Adium.app; sourceTree = BUILT_PRODUCTS_DIR; };
		1DF5F4DF0D08C38300B7A737 /* UIKit.framework */ = {isa = PBXFileReference; lastKnownFileType = wrapper.framework; name = UIKit.framework; path = System/Library/Frameworks/UIKit.framework; sourceTree = SDKROOT; };
		28AD733E0D9D9553002E5188 /* MainWindow.xib */ = {isa = PBXFileReference; lastKnownFileType = file.xib; path = MainWindow.xib; sourceTree = "<group>"; };
		29B97316FDCFA39411CA2CEA /* main.m */ = {isa = PBXFileReference; fileEncoding = 4; lastKnownFileType = sourcecode.c.objc; path = main.m; sourceTree = "<group>"; };
		32CA4F630368D1EE00C91783 /* Adium_Prefix.pch */ = {isa = PBXFileReference; fileEncoding = 4; lastKnownFileType = sourcecode.c.h; path = Adium_Prefix.pch; sourceTree = "<group>"; };
		4B0F6A870DB85C43005B3461 /* ApplicationController.h */ = {isa = PBXFileReference; fileEncoding = 4; lastKnownFileType = sourcecode.c.h; path = ApplicationController.h; sourceTree = "<group>"; };
		4B0F6A880DB85C43005B3461 /* ApplicationController.m */ = {isa = PBXFileReference; fileEncoding = 4; lastKnownFileType = sourcecode.c.objc; path = ApplicationController.m; sourceTree = "<group>"; };
		4B0F6A8A0DB85C54005B3461 /* ApplicationView.h */ = {isa = PBXFileReference; fileEncoding = 4; lastKnownFileType = sourcecode.c.h; path = ApplicationView.h; sourceTree = "<group>"; };
		4B0F6A8B0DB85C54005B3461 /* ApplicationView.m */ = {isa = PBXFileReference; fileEncoding = 4; lastKnownFileType = sourcecode.c.objc; path = ApplicationView.m; sourceTree = "<group>"; };
		4B0F6A8E0DB85C8B005B3461 /* ConversationController.h */ = {isa = PBXFileReference; fileEncoding = 4; lastKnownFileType = sourcecode.c.h; path = ConversationController.h; sourceTree = "<group>"; };
		4B0F6A8F0DB85C8B005B3461 /* ConversationController.m */ = {isa = PBXFileReference; fileEncoding = 4; lastKnownFileType = sourcecode.c.objc; path = ConversationController.m; sourceTree = "<group>"; };
		4B0F6A910DB85C94005B3461 /* ConversationView.h */ = {isa = PBXFileReference; fileEncoding = 4; lastKnownFileType = sourcecode.c.h; path = ConversationView.h; sourceTree = "<group>"; };
		4B0F6A920DB85C94005B3461 /* ConversationView.m */ = {isa = PBXFileReference; fileEncoding = 4; lastKnownFileType = sourcecode.c.objc; path = ConversationView.m; sourceTree = "<group>"; };
		4B517FA30DBFAF86007ED8C1 /* AccountsNavigationController.h */ = {isa = PBXFileReference; fileEncoding = 4; lastKnownFileType = sourcecode.c.h; path = AccountsNavigationController.h; sourceTree = "<group>"; };
		4B517FA40DBFAF86007ED8C1 /* AccountsNavigationController.m */ = {isa = PBXFileReference; fileEncoding = 4; lastKnownFileType = sourcecode.c.objc; path = AccountsNavigationController.m; sourceTree = "<group>"; };
		4B517FA60DBFB07C007ED8C1 /* ProfileNavigationController.h */ = {isa = PBXFileReference; fileEncoding = 4; lastKnownFileType = sourcecode.c.h; path = ProfileNavigationController.h; sourceTree = "<group>"; };
		4B517FA70DBFB07C007ED8C1 /* ProfileNavigationController.m */ = {isa = PBXFileReference; fileEncoding = 4; lastKnownFileType = sourcecode.c.objc; path = ProfileNavigationController.m; sourceTree = "<group>"; };
		4B517FAE0DBFB0D2007ED8C1 /* SettingsNavigationController.h */ = {isa = PBXFileReference; fileEncoding = 4; lastKnownFileType = sourcecode.c.h; path = SettingsNavigationController.h; sourceTree = "<group>"; };
		4B517FAF0DBFB0D2007ED8C1 /* SettingsNavigationController.m */ = {isa = PBXFileReference; fileEncoding = 4; lastKnownFileType = sourcecode.c.objc; path = SettingsNavigationController.m; sourceTree = "<group>"; };
		4B6A4B2A0DBFBB6300C01F0B /* AccountsController.h */ = {isa = PBXFileReference; fileEncoding = 4; lastKnownFileType = sourcecode.c.h; path = AccountsController.h; sourceTree = "<group>"; };
		4B6A4B2B0DBFBB6300C01F0B /* AccountsController.m */ = {isa = PBXFileReference; fileEncoding = 4; lastKnownFileType = sourcecode.c.objc; path = AccountsController.m; sourceTree = "<group>"; };
		4B6A4B8F0DBFE82000C01F0B /* aim.png */ = {isa = PBXFileReference; lastKnownFileType = image.png; name = aim.png; path = Resources/aim.png; sourceTree = SOURCE_ROOT; };
		4B6A4B990DBFEB2B00C01F0B /* Icon.png */ = {isa = PBXFileReference; lastKnownFileType = image.png; name = Icon.png; path = Resources/Icon.png; sourceTree = SOURCE_ROOT; };
		4B6A4CBC0DBFEDAF00C01F0B /* Account.h */ = {isa = PBXFileReference; fileEncoding = 4; lastKnownFileType = sourcecode.c.h; path = Account.h; sourceTree = "<group>"; };
		4B6A4CBD0DBFEDAF00C01F0B /* Account.m */ = {isa = PBXFileReference; fileEncoding = 4; lastKnownFileType = sourcecode.c.objc; path = Account.m; sourceTree = "<group>"; };
		4B9F2C240DBEBA90001DDBBF /* BuddyListController.h */ = {isa = PBXFileReference; fileEncoding = 4; lastKnownFileType = sourcecode.c.h; path = BuddyListController.h; sourceTree = "<group>"; };
		4B9F2C250DBEBA90001DDBBF /* BuddyListController.m */ = {isa = PBXFileReference; fileEncoding = 4; lastKnownFileType = sourcecode.c.objc; path = BuddyListController.m; sourceTree = "<group>"; };
		4BA6911F0DBF112D0035241F /* BuddyListNavigationController.h */ = {isa = PBXFileReference; fileEncoding = 4; lastKnownFileType = sourcecode.c.h; path = BuddyListNavigationController.h; sourceTree = "<group>"; };
		4BA691200DBF112D0035241F /* BuddyListNavigationController.m */ = {isa = PBXFileReference; fileEncoding = 4; lastKnownFileType = sourcecode.c.objc; path = BuddyListNavigationController.m; sourceTree = "<group>"; };
		8D1107310486CEB800E47090 /* Info.plist */ = {isa = PBXFileReference; fileEncoding = 4; lastKnownFileType = text.plist.xml; name = Info.plist; path = ../Info.plist; sourceTree = "<group>"; };
/* End PBXFileReference section */

/* Begin PBXFrameworksBuildPhase section */
		1D60588F0D05DD3D006BFB54 /* Frameworks */ = {
			isa = PBXFrameworksBuildPhase;
			buildActionMask = 2147483647;
			files = (
				1D60589F0D05DD5A006BFB54 /* Foundation.framework in Frameworks */,
				1DF5F4E00D08C38300B7A737 /* UIKit.framework in Frameworks */,
				1D3623EC0D0F72F000981E51 /* CoreGraphics.framework in Frameworks */,
			);
			runOnlyForDeploymentPostprocessing = 0;
		};
/* End PBXFrameworksBuildPhase section */

/* Begin PBXGroup section */
		080E96DDFE201D6D7F000001 /* Classes */ = {
			isa = PBXGroup;
			children = (
				4B0F6A850DB85C1C005B3461 /* Models */,
				4B0F6A790DB85AD2005B3461 /* Views */,
				4B0F6A760DB85AC1005B3461 /* Controllers */,
				1D3623240D0F684500981E51 /* AdiumAppDelegate.h */,
				1D3623250D0F684500981E51 /* AdiumAppDelegate.m */,
			);
			path = Classes;
			sourceTree = "<group>";
		};
		19C28FACFE9D520D11CA2CBB /* Products */ = {
			isa = PBXGroup;
			children = (
				1D6058910D05DD3D006BFB54 /* Adium.app */,
			);
			name = Products;
			sourceTree = "<group>";
		};
		29B97314FDCFA39411CA2CEA /* CustomTemplate */ = {
			isa = PBXGroup;
			children = (
				080E96DDFE201D6D7F000001 /* Classes */,
				29B97315FDCFA39411CA2CEA /* Other Sources */,
				29B97317FDCFA39411CA2CEA /* Resources */,
				29B97323FDCFA39411CA2CEA /* Frameworks */,
				19C28FACFE9D520D11CA2CBB /* Products */,
			);
			name = CustomTemplate;
			sourceTree = "<group>";
		};
		29B97315FDCFA39411CA2CEA /* Other Sources */ = {
			isa = PBXGroup;
			children = (
				32CA4F630368D1EE00C91783 /* Adium_Prefix.pch */,
				29B97316FDCFA39411CA2CEA /* main.m */,
			);
			name = "Other Sources";
			sourceTree = "<group>";
		};
		29B97317FDCFA39411CA2CEA /* Resources */ = {
			isa = PBXGroup;
			children = (
				4B6A4B890DBFE79E00C01F0B /* Images */,
				4B6A4B990DBFEB2B00C01F0B /* Icon.png */,
				8D1107310486CEB800E47090 /* Info.plist */,
				28AD733E0D9D9553002E5188 /* MainWindow.xib */,
			);
			path = Resources;
			sourceTree = "<group>";
		};
		29B97323FDCFA39411CA2CEA /* Frameworks */ = {
			isa = PBXGroup;
			children = (
				1D3623EB0D0F72F000981E51 /* CoreGraphics.framework */,
				1DF5F4DF0D08C38300B7A737 /* UIKit.framework */,
				1D30AB110D05D00D00671497 /* Foundation.framework */,
			);
			name = Frameworks;
			sourceTree = "<group>";
		};
		4B0F6A760DB85AC1005B3461 /* Controllers */ = {
			isa = PBXGroup;
			children = (
				4BA690740DBF0F680035241F /* Accounts */,
				4BA690750DBF0F6E0035241F /* Buddy List */,
				4BA690760DBF0F820035241F /* Profile */,
				4BA690770DBF0F980035241F /* Settings */,
				4B0F6A870DB85C43005B3461 /* ApplicationController.h */,
				4B0F6A880DB85C43005B3461 /* ApplicationController.m */,
			);
			name = Controllers;
			sourceTree = "<group>";
		};
		4B0F6A790DB85AD2005B3461 /* Views */ = {
			isa = PBXGroup;
			children = (
				4B0F6A8A0DB85C54005B3461 /* ApplicationView.h */,
				4B0F6A8B0DB85C54005B3461 /* ApplicationView.m */,
				4B0F6A910DB85C94005B3461 /* ConversationView.h */,
				4B0F6A920DB85C94005B3461 /* ConversationView.m */,
			);
			name = Views;
			sourceTree = "<group>";
		};
		4B0F6A850DB85C1C005B3461 /* Models */ = {
			isa = PBXGroup;
			children = (
				4B6A4CBC0DBFEDAF00C01F0B /* Account.h */,
				4B6A4CBD0DBFEDAF00C01F0B /* Account.m */,
			);
			name = Models;
			sourceTree = "<group>";
		};
		4B6A4B890DBFE79E00C01F0B /* Images */ = {
			isa = PBXGroup;
			children = (
				4B6A4B8E0DBFE7DC00C01F0B /* Services */,
			);
			name = Images;
			sourceTree = "<group>";
		};
		4B6A4B8E0DBFE7DC00C01F0B /* Services */ = {
			isa = PBXGroup;
			children = (
				4B6A4B8F0DBFE82000C01F0B /* aim.png */,
			);
			name = Services;
			sourceTree = "<group>";
		};
		4BA690740DBF0F680035241F /* Accounts */ = {
			isa = PBXGroup;
			children = (
				4B517FA30DBFAF86007ED8C1 /* AccountsNavigationController.h */,
				4B517FA40DBFAF86007ED8C1 /* AccountsNavigationController.m */,
				4B6A4B2A0DBFBB6300C01F0B /* AccountsController.h */,
				4B6A4B2B0DBFBB6300C01F0B /* AccountsController.m */,
			);
			name = Accounts;
			sourceTree = "<group>";
		};
		4BA690750DBF0F6E0035241F /* Buddy List */ = {
			isa = PBXGroup;
			children = (
				4BA6911F0DBF112D0035241F /* BuddyListNavigationController.h */,
				4BA691200DBF112D0035241F /* BuddyListNavigationController.m */,
				4B9F2C240DBEBA90001DDBBF /* BuddyListController.h */,
				4B9F2C250DBEBA90001DDBBF /* BuddyListController.m */,
				4B0F6A8E0DB85C8B005B3461 /* ConversationController.h */,
				4B0F6A8F0DB85C8B005B3461 /* ConversationController.m */,
			);
			name = "Buddy List";
			sourceTree = "<group>";
		};
		4BA690760DBF0F820035241F /* Profile */ = {
			isa = PBXGroup;
			children = (
				4B517FA60DBFB07C007ED8C1 /* ProfileNavigationController.h */,
				4B517FA70DBFB07C007ED8C1 /* ProfileNavigationController.m */,
			);
			name = Profile;
			sourceTree = "<group>";
		};
		4BA690770DBF0F980035241F /* Settings */ = {
			isa = PBXGroup;
			children = (
				4B517FAE0DBFB0D2007ED8C1 /* SettingsNavigationController.h */,
				4B517FAF0DBFB0D2007ED8C1 /* SettingsNavigationController.m */,
			);
			name = Settings;
			sourceTree = "<group>";
		};
/* End PBXGroup section */

/* Begin PBXNativeTarget section */
		1D6058900D05DD3D006BFB54 /* Adium */ = {
			isa = PBXNativeTarget;
			buildConfigurationList = 1D6058960D05DD3E006BFB54 /* Build configuration list for PBXNativeTarget "Adium" */;
			buildPhases = (
				1D60588D0D05DD3D006BFB54 /* Resources */,
				1D60588E0D05DD3D006BFB54 /* Sources */,
				1D60588F0D05DD3D006BFB54 /* Frameworks */,
			);
			buildRules = (
			);
			dependencies = (
			);
			name = Adium;
			productName = Adium;
			productReference = 1D6058910D05DD3D006BFB54 /* Adium.app */;
			productType = "com.apple.product-type.application";
		};
/* End PBXNativeTarget section */

/* Begin PBXProject section */
		29B97313FDCFA39411CA2CEA /* Project object */ = {
			isa = PBXProject;
			buildConfigurationList = C01FCF4E08A954540054247B /* Build configuration list for PBXProject "Adium" */;
			compatibilityVersion = "Xcode 3.1";
			hasScannedForEncodings = 1;
			mainGroup = 29B97314FDCFA39411CA2CEA /* CustomTemplate */;
			projectDirPath = "";
			projectRoot = "";
			targets = (
				1D6058900D05DD3D006BFB54 /* Adium */,
			);
		};
/* End PBXProject section */

/* Begin PBXResourcesBuildPhase section */
		1D60588D0D05DD3D006BFB54 /* Resources */ = {
			isa = PBXResourcesBuildPhase;
			buildActionMask = 2147483647;
			files = (
				28AD733F0D9D9553002E5188 /* MainWindow.xib in Resources */,
				4B6A4B900DBFE82000C01F0B /* aim.png in Resources */,
				4B6A4B9A0DBFEB2B00C01F0B /* Icon.png in Resources */,
			);
			runOnlyForDeploymentPostprocessing = 0;
		};
/* End PBXResourcesBuildPhase section */

/* Begin PBXSourcesBuildPhase section */
		1D60588E0D05DD3D006BFB54 /* Sources */ = {
			isa = PBXSourcesBuildPhase;
			buildActionMask = 2147483647;
			files = (
				1D60589B0D05DD56006BFB54 /* main.m in Sources */,
				1D3623260D0F684500981E51 /* AdiumAppDelegate.m in Sources */,
				4B0F6A890DB85C43005B3461 /* ApplicationController.m in Sources */,
				4B0F6A8C0DB85C54005B3461 /* ApplicationView.m in Sources */,
				4B0F6A900DB85C8B005B3461 /* ConversationController.m in Sources */,
				4B0F6A930DB85C94005B3461 /* ConversationView.m in Sources */,
				4B9F2C260DBEBA90001DDBBF /* BuddyListController.m in Sources */,
				4BA691210DBF112D0035241F /* BuddyListNavigationController.m in Sources */,
				4B517FA50DBFAF86007ED8C1 /* AccountsNavigationController.m in Sources */,
				4B517FA80DBFB07C007ED8C1 /* ProfileNavigationController.m in Sources */,
				4B517FB00DBFB0D2007ED8C1 /* SettingsNavigationController.m in Sources */,
				4B6A4B2C0DBFBB6300C01F0B /* AccountsController.m in Sources */,
				4B6A4CBE0DBFEDAF00C01F0B /* Account.m in Sources */,
			);
			runOnlyForDeploymentPostprocessing = 0;
		};
/* End PBXSourcesBuildPhase section */

/* Begin XCBuildConfiguration section */
		1D6058940D05DD3E006BFB54 /* Debug */ = {
			isa = XCBuildConfiguration;
			buildSettings = {
				COPY_PHASE_STRIP = NO;
				GCC_DYNAMIC_NO_PIC = NO;
				GCC_OPTIMIZATION_LEVEL = 0;
				GCC_PRECOMPILE_PREFIX_HEADER = YES;
				GCC_PREFIX_HEADER = Adium_Prefix.pch;
				INFOPLIST_FILE = Info.plist;
				PRODUCT_NAME = Adium;
			};
			name = Debug;
		};
		1D6058950D05DD3E006BFB54 /* Release */ = {
			isa = XCBuildConfiguration;
			buildSettings = {
				COPY_PHASE_STRIP = YES;
				GCC_PRECOMPILE_PREFIX_HEADER = YES;
				GCC_PREFIX_HEADER = Adium_Prefix.pch;
				INFOPLIST_FILE = Info.plist;
				PRODUCT_NAME = Adium;
			};
			name = Release;
		};
		C01FCF4F08A954540054247B /* Debug */ = {
			isa = XCBuildConfiguration;
			buildSettings = {
				ALWAYS_SEARCH_USER_PATHS = NO;
				ARCHS = "$(ARCHS_STANDARD_32_BIT)";
				"CODE_SIGN_IDENTITY[sdk=iphoneos*]" = "iPhone Developer";
				GCC_C_LANGUAGE_STANDARD = c99;
				GCC_WARN_ABOUT_RETURN_TYPE = YES;
				GCC_WARN_UNUSED_VARIABLE = YES;
				ONLY_ACTIVE_ARCH = YES;
				PREBINDING = NO;
				SDKROOT = iphoneos2.0;
			};
			name = Debug;
		};
		C01FCF5008A954540054247B /* Release */ = {
			isa = XCBuildConfiguration;
			buildSettings = {
				ALWAYS_SEARCH_USER_PATHS = NO;
				ARCHS = "$(ARCHS_STANDARD_32_BIT)";
				"CODE_SIGN_IDENTITY[sdk=iphoneos*]" = "iPhone Developer";
				GCC_C_LANGUAGE_STANDARD = c99;
				GCC_WARN_ABOUT_RETURN_TYPE = YES;
				GCC_WARN_UNUSED_VARIABLE = YES;
				PREBINDING = NO;
				SDKROOT = iphoneos2.0;
			};
			name = Release;
		};
/* End XCBuildConfiguration section */

/* Begin XCConfigurationList section */
		1D6058960D05DD3E006BFB54 /* Build configuration list for PBXNativeTarget "Adium" */ = {
			isa = XCConfigurationList;
			buildConfigurations = (
				1D6058940D05DD3E006BFB54 /* Debug */,
				1D6058950D05DD3E006BFB54 /* Release */,
			);
			defaultConfigurationIsVisible = 0;
			defaultConfigurationName = Release;
		};
		C01FCF4E08A954540054247B /* Build configuration list for PBXProject "Adium" */ = {
			isa = XCConfigurationList;
			buildConfigurations = (
				C01FCF4F08A954540054247B /* Debug */,
				C01FCF5008A954540054247B /* Release */,
			);
			defaultConfigurationIsVisible = 0;
			defaultConfigurationName = Release;
		};
/* End XCConfigurationList section */
	};
	rootObject = 29B97313FDCFA39411CA2CEA /* Project object */;
}
